
Microsoft Visual Studio Solution File, Format Version 12.00
# Visual Studio Version 16
VisualStudioVersion = 16.0.31729.503
MinimumVisualStudioVersion = 10.0.40219.1
Project("{8BC9CEB8-8B4A-11D0-8D11-00A0C91BC942}") = "3.2D", "3.2D\3.2D.vcxproj", "{6D457D6D-B3A9-4744-9418-FACF00260BD1}"
EndProject
Project("{8BC9CEB8-8B4A-11D0-8D11-00A0C91BC942}") = "UnitTest3.3D", "UnitTest3.3D\UnitTest3.3D.vcxproj", "{A2E97D6D-3B46-4256-A4CB-E186BDC044F5}"
EndProject
Global
	GlobalSection(SolutionConfigurationPlatforms) = preSolution
		Debug|x64 = Debug|x64
		Debug|x86 = Debug|x86
		Release|x64 = Release|x64
		Release|x86 = Release|x86
	EndGlobalSection
	GlobalSection(ProjectConfigurationPlatforms) = postSolution
		{6D457D6D-B3A9-4744-9418-FACF00260BD1}.Debug|x64.ActiveCfg = Debug|x64
		{6D457D6D-B3A9-4744-9418-FACF00260BD1}.Debug|x64.Build.0 = Debug|x64
		{6D457D6D-B3A9-4744-9418-FACF00260BD1}.Debug|x86.ActiveCfg = Debug|Win32
		{6D457D6D-B3A9-4744-9418-FACF00260BD1}.Debug|x86.Build.0 = Debug|Win32
		{6D457D6D-B3A9-4744-9418-FACF00260BD1}.Release|x64.ActiveCfg = Release|x64
		{6D457D6D-B3A9-4744-9418-FACF00260BD1}.Release|x64.Build.0 = Release|x64
		{6D457D6D-B3A9-4744-9418-FACF00260BD1}.Release|x86.ActiveCfg = Release|Win32
		{6D457D6D-B3A9-4744-9418-FACF00260BD1}.Release|x86.Build.0 = Release|Win32
		{A2E97D6D-3B46-4256-A4CB-E186BDC044F5}.Debug|x64.ActiveCfg = Debug|x64
		{A2E97D6D-3B46-4256-A4CB-E186BDC044F5}.Debug|x64.Build.0 = Debug|x64
		{A2E97D6D-3B46-4256-A4CB-E186BDC044F5}.Debug|x86.ActiveCfg = Debug|Win32
		{A2E97D6D-3B46-4256-A4CB-E186BDC044F5}.Debug|x86.Build.0 = Debug|Win32
		{A2E97D6D-3B46-4256-A4CB-E186BDC044F5}.Release|x64.ActiveCfg = Release|x64
		{A2E97D6D-3B46-4256-A4CB-E186BDC044F5}.Release|x64.Build.0 = Release|x64
		{A2E97D6D-3B46-4256-A4CB-E186BDC044F5}.Release|x86.ActiveCfg = Release|Win32
		{A2E97D6D-3B46-4256-A4CB-E186BDC044F5}.Release|x86.Build.0 = Release|Win32
	EndGlobalSection
	GlobalSection(SolutionProperties) = preSolution
		HideSolutionNode = FALSE
	EndGlobalSection
	GlobalSection(ExtensibilityGlobals) = postSolution
		SolutionGuid = {8BFD7F42-7444-45A5-86B0-0DCBDCEF3F74}
	EndGlobalSection
EndGlobal
